<?xml version="1.0" encoding="utf-8"?>
<Project ToolsVersion="4.0" xmlns="http://schemas.microsoft.com/developer/msbuild/2003">
  <ItemGroup>
    <Filter Include="Source Files">
      <UniqueIdentifier>{7ddfa0c5-6fd7-4066-9613-f64ce873ef56}</UniqueIdentifier>
      <Extensions>cpp;c;cxx;rc;def;r;odl;idl;hpj;bat</Extensions>
    </Filter>
    <Filter Include="Header Files">
      <UniqueIdentifier>{b8493160-7bfd-42a7-800d-556e0d3f7fe8}</UniqueIdentifier>
      <Extensions>h;hpp;hxx;hm;inl</Extensions>
    </Filter>
    <Filter Include="Resource Files">
      <UniqueIdentifier>{9533aaf5-1597-4a63-8498-6d8be28c07d0}</UniqueIdentifier>
      <Extensions>ico;cur;bmp;dlg;rc2;rct;bin;rgs;gif;jpg;jpeg;jpe</Extensions>
    </Filter>
    <Filter Include="Source Files\Dungeon">
      <UniqueIdentifier>{f2927367-4d0a-4a4a-8cd8-27ee57c25a5f}</UniqueIdentifier>
    </Filter>
    <Filter Include="Header Files\Dungeon">
      <UniqueIdentifier>{396b39a9-803a-4cc8-964b-6a33fb281617}</UniqueIdentifier>
    </Filter>
    <Filter Include="Header Files\General">
      <UniqueIdentifier>{4004e306-2cf4-4403-b46f-faf456ebae03}</UniqueIdentifier>
    </Filter>
  </ItemGroup>
  <ItemGroup>
    <ClCompile Include="z3ed.c">
      <Filter>Source Files</Filter>
    </ClCompile>
    <ClCompile Include="DungeonMap.c">
      <Filter>Source Files\Dungeon</Filter>
    </ClCompile>
    <ClCompile Include="ChooseObject.c">
      <Filter>Source Files\Dungeon</Filter>
    </ClCompile>
    <ClCompile Include="Wrappers.c">
      <Filter>Source Files</Filter>
    </ClCompile>
    <ClCompile Include="DungeonDlg.c">
      <Filter>Source Files\Dungeon</Filter>
    </ClCompile>
    <ClCompile Include="DungonHeader.c">
      <Filter>Source Files\Dungeon</Filter>
    </ClCompile>
  </ItemGroup>
  <ItemGroup>
    <ClInclude Include="resource.h">
      <Filter>Header Files</Filter>
    </ClInclude>
    <ClInclude Include="structs.h">
      <Filter>Header Files</Filter>
    </ClInclude>
    <ClInclude Include="DungeonEnum.h">
      <Filter>Header Files\Dungeon</Filter>
    </ClInclude>
    <ClInclude Include="Callbacks.h">
      <Filter>Header Files\General</Filter>
    </ClInclude>
    <ClInclude Include="prototypes.h">
      <Filter>Header Files\General</Filter>
    </ClInclude>
    <ClInclude Include="Wrappers.h">
      <Filter>Header Files\General</Filter>
    </ClInclude>
  </ItemGroup>
  <ItemGroup>
    <ResourceCompile Include="z3ed.rc">
      <Filter>Resource Files</Filter>
    </ResourceCompile>
  </ItemGroup>
  <ItemGroup>
    <CustomBuild Include="icon1.ico">
      <Filter>Resource Files</Filter>
    </CustomBuild>
    <CustomBuild Include="test2.bmp">
      <Filter>Resource Files</Filter>
    </CustomBuild>
    <CustomBuild Include="sprname.dat" />
  </ItemGroup>
  <ItemGroup>
    <None Include="text_resources\entrance_names.txt">
      <Filter>Resource Files</Filter>
    </None>
    <None Include="text_resources\area_names.txt">
      <Filter>Resource Files</Filter>
    </None>
  </ItemGroup>
</Project>